
Microsoft Visual Studio Solution File, Format Version 12.00
# Visual Studio Version 16
VisualStudioVersion = 16.0.32929.386
MinimumVisualStudioVersion = 10.0.40219.1
Project("{FAE04EC0-301F-11D3-BF4B-00C04F79EFBC}") = "SignalR_Api", "SignalR_Api\SignalR_Api.csproj", "{1A8EDD27-DA37-42EA-8E6A-8F64F3CC9B01}"
EndProject
Project("{FAE04EC0-301F-11D3-BF4B-00C04F79EFBC}") = "WebApplication1", "WebApplication1\WebApplication1.csproj", "{4F84EA30-D323-40A1-8E69-4309BADB63BF}"
EndProject
Global
	GlobalSection(SolutionConfigurationPlatforms) = preSolution
		Debug|Any CPU = Debug|Any CPU
		Release|Any CPU = Release|Any CPU
	EndGlobalSection
	GlobalSection(ProjectConfigurationPlatforms) = postSolution
		{1A8EDD27-DA37-42EA-8E6A-8F64F3CC9B01}.Debug|Any CPU.ActiveCfg = Debug|Any CPU
		{1A8EDD27-DA37-42EA-8E6A-8F64F3CC9B01}.Debug|Any CPU.Build.0 = Debug|Any CPU
		{1A8EDD27-DA37-42EA-8E6A-8F64F3CC9B01}.Release|Any CPU.ActiveCfg = Release|Any CPU
		{1A8EDD27-DA37-42EA-8E6A-8F64F3CC9B01}.Release|Any CPU.Build.0 = Release|Any CPU
		{4F84EA30-D323-40A1-8E69-4309BADB63BF}.Debug|Any CPU.ActiveCfg = Debug|Any CPU
		{4F84EA30-D323-40A1-8E69-4309BADB63BF}.Debug|Any CPU.Build.0 = Debug|Any CPU
		{4F84EA30-D323-40A1-8E69-4309BADB63BF}.Release|Any CPU.ActiveCfg = Release|Any CPU
		{4F84EA30-D323-40A1-8E69-4309BADB63BF}.Release|Any CPU.Build.0 = Release|Any CPU
	EndGlobalSection
	GlobalSection(SolutionProperties) = preSolution
		HideSolutionNode = FALSE
	EndGlobalSection
	GlobalSection(ExtensibilityGlobals) = postSolution
		SolutionGuid = {E93CEC62-0010-4F8D-9404-CA359177D6AE}
	EndGlobalSection
EndGlobal
